
Microsoft Visual Studio Solution File, Format Version 12.00
# Visual Studio Version 16
VisualStudioVersion = 16.0.29215.179
MinimumVisualStudioVersion = 10.0.40219.1
Project("{FAE04EC0-301F-11D3-BF4B-00C04F79EFBC}") = "sujitabookstore", "sujitabookstore.csproj", "{8C19D29F-8BC3-4B57-99E0-85D7D022C021}"
EndProject
Global
	GlobalSection(SolutionConfigurationPlatforms) = preSolution
		Debug|Any CPU = Debug|Any CPU
		Release|Any CPU = Release|Any CPU
	EndGlobalSection
	GlobalSection(ProjectConfigurationPlatforms) = postSolution
		{8C19D29F-8BC3-4B57-99E0-85D7D022C021}.Debug|Any CPU.ActiveCfg = Debug|Any CPU
		{8C19D29F-8BC3-4B57-99E0-85D7D022C021}.Debug|Any CPU.Build.0 = Debug|Any CPU
		{8C19D29F-8BC3-4B57-99E0-85D7D022C021}.Release|Any CPU.ActiveCfg = Release|Any CPU
		{8C19D29F-8BC3-4B57-99E0-85D7D022C021}.Release|Any CPU.Build.0 = Release|Any CPU
	EndGlobalSection
	GlobalSection(SolutionProperties) = preSolution
		HideSolutionNode = FALSE
	EndGlobalSection
	GlobalSection(ExtensibilityGlobals) = postSolution
		SolutionGuid = {3A342F75-3038-4223-B45A-53C1FDACA6C3}
	EndGlobalSection
EndGlobal
